
Microsoft Visual Studio Solution File, Format Version 12.00
# Visual Studio Version 16
VisualStudioVersion = 16.0.29319.158
MinimumVisualStudioVersion = 10.0.40219.1
Project("{9A19103F-16F7-4668-BE54-9A1E7A4F7556}") = "RaspiPort", "ConsoleApp1\RaspiPort.csproj", "{E296A65D-80A1-499D-9678-6F0D3CBC8C2C}"
EndProject
Global
	GlobalSection(SolutionConfigurationPlatforms) = preSolution
		Debug|Any CPU = Debug|Any CPU
		Release|Any CPU = Release|Any CPU
	EndGlobalSection
	GlobalSection(ProjectConfigurationPlatforms) = postSolution
		{E296A65D-80A1-499D-9678-6F0D3CBC8C2C}.Debug|Any CPU.ActiveCfg = Debug|Any CPU
		{E296A65D-80A1-499D-9678-6F0D3CBC8C2C}.Debug|Any CPU.Build.0 = Debug|Any CPU
		{E296A65D-80A1-499D-9678-6F0D3CBC8C2C}.Release|Any CPU.ActiveCfg = Release|Any CPU
		{E296A65D-80A1-499D-9678-6F0D3CBC8C2C}.Release|Any CPU.Build.0 = Release|Any CPU
	EndGlobalSection
	GlobalSection(SolutionProperties) = preSolution
		HideSolutionNode = FALSE
	EndGlobalSection
	GlobalSection(ExtensibilityGlobals) = postSolution
		SolutionGuid = {958BAF91-683D-43BA-9922-D77E1EAE7AB6}
	EndGlobalSection
EndGlobal
